Microsoft Visual Studio Solution File, Format Version 12.00
# Visual Studio Version 17
VisualStudioVersion = 17.5.2.0
MinimumVisualStudioVersion = 10.0.40219.1
Project("{2150E333-8FDC-42A3-9474-1A3956D46DE8}") = "src", "src", "{827E0CD3-B72D-47B6-A68D-7590B98EB39B}"
EndProject
Project("{FAE04EC0-301F-11D3-BF4B-00C04F79EFBC}") = "IdentityServer", "src\IdentityServer\IdentityServer.csproj", "{B319E4B5-647F-B754-5EB3-1ED3A20C2CC5}"
EndProject
Project("{FAE04EC0-301F-11D3-BF4B-00C04F79EFBC}") = "FinzetaIdentity", "src\FinzetaIdentity\FinzetaIdentity.csproj", "{45854001-2CC0-4014-A2D3-F49253265B9D}"
EndProject
Project("{FAE04EC0-301F-11D3-BF4B-00C04F79EFBC}") = "client", "src\client\client.csproj", "{B1C539AC-B8BB-4C9D-B4BB-3F71DC0B395B}"
EndProject
Global
	GlobalSection(SolutionConfigurationPlatforms) = preSolution
		Debug|Any CPU = Debug|Any CPU
		Release|Any CPU = Release|Any CPU
	EndGlobalSection
	GlobalSection(ProjectConfigurationPlatforms) = postSolution
		{B319E4B5-647F-B754-5EB3-1ED3A20C2CC5}.Debug|Any CPU.ActiveCfg = Debug|Any CPU
		{B319E4B5-647F-B754-5EB3-1ED3A20C2CC5}.Debug|Any CPU.Build.0 = Debug|Any CPU
		{B319E4B5-647F-B754-5EB3-1ED3A20C2CC5}.Release|Any CPU.ActiveCfg = Release|Any CPU
		{B319E4B5-647F-B754-5EB3-1ED3A20C2CC5}.Release|Any CPU.Build.0 = Release|Any CPU
		{45854001-2CC0-4014-A2D3-F49253265B9D}.Debug|Any CPU.ActiveCfg = Debug|Any CPU
		{45854001-2CC0-4014-A2D3-F49253265B9D}.Debug|Any CPU.Build.0 = Debug|Any CPU
		{45854001-2CC0-4014-A2D3-F49253265B9D}.Release|Any CPU.ActiveCfg = Release|Any CPU
		{45854001-2CC0-4014-A2D3-F49253265B9D}.Release|Any CPU.Build.0 = Release|Any CPU
		{B1C539AC-B8BB-4C9D-B4BB-3F71DC0B395B}.Debug|Any CPU.ActiveCfg = Debug|Any CPU
		{B1C539AC-B8BB-4C9D-B4BB-3F71DC0B395B}.Debug|Any CPU.Build.0 = Debug|Any CPU
		{B1C539AC-B8BB-4C9D-B4BB-3F71DC0B395B}.Release|Any CPU.ActiveCfg = Release|Any CPU
		{B1C539AC-B8BB-4C9D-B4BB-3F71DC0B395B}.Release|Any CPU.Build.0 = Release|Any CPU
	EndGlobalSection
	GlobalSection(SolutionProperties) = preSolution
		HideSolutionNode = FALSE
	EndGlobalSection
	GlobalSection(NestedProjects) = preSolution
		{B319E4B5-647F-B754-5EB3-1ED3A20C2CC5} = {827E0CD3-B72D-47B6-A68D-7590B98EB39B}
		{45854001-2CC0-4014-A2D3-F49253265B9D} = {827E0CD3-B72D-47B6-A68D-7590B98EB39B}
		{B1C539AC-B8BB-4C9D-B4BB-3F71DC0B395B} = {827E0CD3-B72D-47B6-A68D-7590B98EB39B}
	EndGlobalSection
	GlobalSection(ExtensibilityGlobals) = postSolution
		SolutionGuid = {9A05A613-57F2-4A19-85E3-8784768B1FF1}
	EndGlobalSection
EndGlobal
